
Microsoft Visual Studio Solution File, Format Version 12.00
# Visual Studio Version 16
VisualStudioVersion = 16.0.30114.105
MinimumVisualStudioVersion = 10.0.40219.1
Project("{9A19103F-16F7-4668-BE54-9A1E7A4F7556}") = "AAR.Service", "AAR.Service\AAR.Service.csproj", "{51AE3B5C-8448-4B5C-B6A4-C77A8F5F3644}"
EndProject
Project("{9A19103F-16F7-4668-BE54-9A1E7A4F7556}") = "AAR.Model", "AAR.Model\AAR.Model.csproj", "{373CE820-7FA1-4127-B4E1-856F6BBC21D3}"
EndProject
Project("{9A19103F-16F7-4668-BE54-9A1E7A4F7556}") = "AAR.Data", "AAR.Data\AAR.Data.csproj", "{8E458257-D367-42FB-815C-F83469AE9F90}"
EndProject
Project("{9A19103F-16F7-4668-BE54-9A1E7A4F7556}") = "AAR.Repository", "AAR.Repository\AAR.Repository.csproj", "{476CEF96-390C-4F49-98DC-F01EBD609E91}"
EndProject
Project("{9A19103F-16F7-4668-BE54-9A1E7A4F7556}") = "AAR.Application", "AAR.Application\AAR.Application.csproj", "{059D3A2D-9235-409D-9191-BCE1029C0E5D}"
EndProject
Project("{2150E333-8FDC-42A3-9474-1A3956D46DE8}") = "Application", "Application", "{A203CCA0-CBB1-11EB-8E81-5F9F0CFC7FEE}"
EndProject
Project("{2150E333-8FDC-42A3-9474-1A3956D46DE8}") = "Domain", "Domain", "{D6042D60-CBB1-11EB-8E81-5F9F0CFC7FEE}"
EndProject
Project("{2150E333-8FDC-42A3-9474-1A3956D46DE8}") = "Infrastructure", "Infrastructure", "{DC77A2D0-CBB1-11EB-8E81-5F9F0CFC7FEE}"
EndProject
Project("{2150E333-8FDC-42A3-9474-1A3956D46DE8}") = "Persistence", "Persistence", "{06D658A0-CBB2-11EB-8E81-5F9F0CFC7FEE}"
EndProject
Project("{2150E333-8FDC-42A3-9474-1A3956D46DE8}") = "Data", "Data", "{985DBF70-CBB2-11EB-8E81-5F9F0CFC7FEE}"
EndProject
Project("{9A19103F-16F7-4668-BE54-9A1E7A4F7556}") = "AAR.Infrastructure", "AAR.Infrastructure\AAR.Infrastructure.csproj", "{172F6A45-05D0-4806-89A8-DEB5C924CA6F}"
EndProject
Global
	GlobalSection(SolutionConfigurationPlatforms) = preSolution
		Debug|Any CPU = Debug|Any CPU
		Debug|x64 = Debug|x64
		Debug|x86 = Debug|x86
		Release|Any CPU = Release|Any CPU
		Release|x64 = Release|x64
		Release|x86 = Release|x86
	EndGlobalSection
	GlobalSection(ProjectConfigurationPlatforms) = postSolution
		{51AE3B5C-8448-4B5C-B6A4-C77A8F5F3644}.Debug|Any CPU.ActiveCfg = Debug|Any CPU
		{51AE3B5C-8448-4B5C-B6A4-C77A8F5F3644}.Debug|Any CPU.Build.0 = Debug|Any CPU
		{51AE3B5C-8448-4B5C-B6A4-C77A8F5F3644}.Debug|x64.ActiveCfg = Debug|Any CPU
		{51AE3B5C-8448-4B5C-B6A4-C77A8F5F3644}.Debug|x64.Build.0 = Debug|Any CPU
		{51AE3B5C-8448-4B5C-B6A4-C77A8F5F3644}.Debug|x86.ActiveCfg = Debug|Any CPU
		{51AE3B5C-8448-4B5C-B6A4-C77A8F5F3644}.Debug|x86.Build.0 = Debug|Any CPU
		{51AE3B5C-8448-4B5C-B6A4-C77A8F5F3644}.Release|Any CPU.ActiveCfg = Release|Any CPU
		{51AE3B5C-8448-4B5C-B6A4-C77A8F5F3644}.Release|Any CPU.Build.0 = Release|Any CPU
		{51AE3B5C-8448-4B5C-B6A4-C77A8F5F3644}.Release|x64.ActiveCfg = Release|Any CPU
		{51AE3B5C-8448-4B5C-B6A4-C77A8F5F3644}.Release|x64.Build.0 = Release|Any CPU
		{51AE3B5C-8448-4B5C-B6A4-C77A8F5F3644}.Release|x86.ActiveCfg = Release|Any CPU
		{51AE3B5C-8448-4B5C-B6A4-C77A8F5F3644}.Release|x86.Build.0 = Release|Any CPU
		{373CE820-7FA1-4127-B4E1-856F6BBC21D3}.Debug|Any CPU.ActiveCfg = Debug|Any CPU
		{373CE820-7FA1-4127-B4E1-856F6BBC21D3}.Debug|Any CPU.Build.0 = Debug|Any CPU
		{373CE820-7FA1-4127-B4E1-856F6BBC21D3}.Debug|x64.ActiveCfg = Debug|Any CPU
		{373CE820-7FA1-4127-B4E1-856F6BBC21D3}.Debug|x64.Build.0 = Debug|Any CPU
		{373CE820-7FA1-4127-B4E1-856F6BBC21D3}.Debug|x86.ActiveCfg = Debug|Any CPU
		{373CE820-7FA1-4127-B4E1-856F6BBC21D3}.Debug|x86.Build.0 = Debug|Any CPU
		{373CE820-7FA1-4127-B4E1-856F6BBC21D3}.Release|Any CPU.ActiveCfg = Release|Any CPU
		{373CE820-7FA1-4127-B4E1-856F6BBC21D3}.Release|Any CPU.Build.0 = Release|Any CPU
		{373CE820-7FA1-4127-B4E1-856F6BBC21D3}.Release|x64.ActiveCfg = Release|Any CPU
		{373CE820-7FA1-4127-B4E1-856F6BBC21D3}.Release|x64.Build.0 = Release|Any CPU
		{373CE820-7FA1-4127-B4E1-856F6BBC21D3}.Release|x86.ActiveCfg = Release|Any CPU
		{373CE820-7FA1-4127-B4E1-856F6BBC21D3}.Release|x86.Build.0 = Release|Any CPU
		{8E458257-D367-42FB-815C-F83469AE9F90}.Debug|Any CPU.ActiveCfg = Debug|Any CPU
		{8E458257-D367-42FB-815C-F83469AE9F90}.Debug|Any CPU.Build.0 = Debug|Any CPU
		{8E458257-D367-42FB-815C-F83469AE9F90}.Debug|x64.ActiveCfg = Debug|Any CPU
		{8E458257-D367-42FB-815C-F83469AE9F90}.Debug|x64.Build.0 = Debug|Any CPU
		{8E458257-D367-42FB-815C-F83469AE9F90}.Debug|x86.ActiveCfg = Debug|Any CPU
		{8E458257-D367-42FB-815C-F83469AE9F90}.Debug|x86.Build.0 = Debug|Any CPU
		{8E458257-D367-42FB-815C-F83469AE9F90}.Release|Any CPU.ActiveCfg = Release|Any CPU
		{8E458257-D367-42FB-815C-F83469AE9F90}.Release|Any CPU.Build.0 = Release|Any CPU
		{8E458257-D367-42FB-815C-F83469AE9F90}.Release|x64.ActiveCfg = Release|Any CPU
		{8E458257-D367-42FB-815C-F83469AE9F90}.Release|x64.Build.0 = Release|Any CPU
		{8E458257-D367-42FB-815C-F83469AE9F90}.Release|x86.ActiveCfg = Release|Any CPU
		{8E458257-D367-42FB-815C-F83469AE9F90}.Release|x86.Build.0 = Release|Any CPU
		{476CEF96-390C-4F49-98DC-F01EBD609E91}.Debug|Any CPU.ActiveCfg = Debug|Any CPU
		{476CEF96-390C-4F49-98DC-F01EBD609E91}.Debug|Any CPU.Build.0 = Debug|Any CPU
		{476CEF96-390C-4F49-98DC-F01EBD609E91}.Debug|x64.ActiveCfg = Debug|Any CPU
		{476CEF96-390C-4F49-98DC-F01EBD609E91}.Debug|x64.Build.0 = Debug|Any CPU
		{476CEF96-390C-4F49-98DC-F01EBD609E91}.Debug|x86.ActiveCfg = Debug|Any CPU
		{476CEF96-390C-4F49-98DC-F01EBD609E91}.Debug|x86.Build.0 = Debug|Any CPU
		{476CEF96-390C-4F49-98DC-F01EBD609E91}.Release|Any CPU.ActiveCfg = Release|Any CPU
		{476CEF96-390C-4F49-98DC-F01EBD609E91}.Release|Any CPU.Build.0 = Release|Any CPU
		{476CEF96-390C-4F49-98DC-F01EBD609E91}.Release|x64.ActiveCfg = Release|Any CPU
		{476CEF96-390C-4F49-98DC-F01EBD609E91}.Release|x64.Build.0 = Release|Any CPU
		{476CEF96-390C-4F49-98DC-F01EBD609E91}.Release|x86.ActiveCfg = Release|Any CPU
		{476CEF96-390C-4F49-98DC-F01EBD609E91}.Release|x86.Build.0 = Release|Any CPU
		{059D3A2D-9235-409D-9191-BCE1029C0E5D}.Debug|Any CPU.ActiveCfg = Debug|Any CPU
		{059D3A2D-9235-409D-9191-BCE1029C0E5D}.Debug|Any CPU.Build.0 = Debug|Any CPU
		{059D3A2D-9235-409D-9191-BCE1029C0E5D}.Debug|x64.ActiveCfg = Debug|Any CPU
		{059D3A2D-9235-409D-9191-BCE1029C0E5D}.Debug|x64.Build.0 = Debug|Any CPU
		{059D3A2D-9235-409D-9191-BCE1029C0E5D}.Debug|x86.ActiveCfg = Debug|Any CPU
		{059D3A2D-9235-409D-9191-BCE1029C0E5D}.Debug|x86.Build.0 = Debug|Any CPU
		{059D3A2D-9235-409D-9191-BCE1029C0E5D}.Release|Any CPU.ActiveCfg = Release|Any CPU
		{059D3A2D-9235-409D-9191-BCE1029C0E5D}.Release|Any CPU.Build.0 = Release|Any CPU
		{059D3A2D-9235-409D-9191-BCE1029C0E5D}.Release|x64.ActiveCfg = Release|Any CPU
		{059D3A2D-9235-409D-9191-BCE1029C0E5D}.Release|x64.Build.0 = Release|Any CPU
		{059D3A2D-9235-409D-9191-BCE1029C0E5D}.Release|x86.ActiveCfg = Release|Any CPU
		{059D3A2D-9235-409D-9191-BCE1029C0E5D}.Release|x86.Build.0 = Release|Any CPU
		{172F6A45-05D0-4806-89A8-DEB5C924CA6F}.Debug|Any CPU.ActiveCfg = Debug|Any CPU
		{172F6A45-05D0-4806-89A8-DEB5C924CA6F}.Debug|Any CPU.Build.0 = Debug|Any CPU
		{172F6A45-05D0-4806-89A8-DEB5C924CA6F}.Debug|x64.ActiveCfg = Debug|Any CPU
		{172F6A45-05D0-4806-89A8-DEB5C924CA6F}.Debug|x64.Build.0 = Debug|Any CPU
		{172F6A45-05D0-4806-89A8-DEB5C924CA6F}.Debug|x86.ActiveCfg = Debug|Any CPU
		{172F6A45-05D0-4806-89A8-DEB5C924CA6F}.Debug|x86.Build.0 = Debug|Any CPU
		{172F6A45-05D0-4806-89A8-DEB5C924CA6F}.Release|Any CPU.ActiveCfg = Release|Any CPU
		{172F6A45-05D0-4806-89A8-DEB5C924CA6F}.Release|Any CPU.Build.0 = Release|Any CPU
		{172F6A45-05D0-4806-89A8-DEB5C924CA6F}.Release|x64.ActiveCfg = Release|Any CPU
		{172F6A45-05D0-4806-89A8-DEB5C924CA6F}.Release|x64.Build.0 = Release|Any CPU
		{172F6A45-05D0-4806-89A8-DEB5C924CA6F}.Release|x86.ActiveCfg = Release|Any CPU
		{172F6A45-05D0-4806-89A8-DEB5C924CA6F}.Release|x86.Build.0 = Release|Any CPU
	EndGlobalSection
	GlobalSection(SolutionProperties) = preSolution
		HideSolutionNode = FALSE
	EndGlobalSection
	GlobalSection(NestedProjects) = preSolution
		{51AE3B5C-8448-4B5C-B6A4-C77A8F5F3644} = {D6042D60-CBB1-11EB-8E81-5F9F0CFC7FEE}
		{373CE820-7FA1-4127-B4E1-856F6BBC21D3} = {D6042D60-CBB1-11EB-8E81-5F9F0CFC7FEE}
		{8E458257-D367-42FB-815C-F83469AE9F90} = {985DBF70-CBB2-11EB-8E81-5F9F0CFC7FEE}
		{476CEF96-390C-4F49-98DC-F01EBD609E91} = {06D658A0-CBB2-11EB-8E81-5F9F0CFC7FEE}
		{059D3A2D-9235-409D-9191-BCE1029C0E5D} = {A203CCA0-CBB1-11EB-8E81-5F9F0CFC7FEE}
		{172F6A45-05D0-4806-89A8-DEB5C924CA6F} = {DC77A2D0-CBB1-11EB-8E81-5F9F0CFC7FEE}
	EndGlobalSection
	GlobalSection(ExtensibilityGlobals) = postSolution
		SolutionGuid = {CE11558B-3415-4344-A60A-D039DF48ED71}
	EndGlobalSection
EndGlobal
